
Microsoft Visual Studio Solution File, Format Version 12.00
# Visual Studio Version 16
VisualStudioVersion = 16.0.31424.327
MinimumVisualStudioVersion = 10.0.40219.1
Project("{9A19103F-16F7-4668-BE54-9A1E7A4F7556}") = "2-DataTypes", "2-DataTypes\2-DataTypes.csproj", "{BA27D3C3-E1C4-4E57-AE0E-AA4BA1DD536A}"
EndProject
Project("{9A19103F-16F7-4668-BE54-9A1E7A4F7556}") = "3-Operations", "3-Operations\3-Operations.csproj", "{AE37331E-DB65-49A1-954E-6B9BE1200447}"
EndProject
Project("{9A19103F-16F7-4668-BE54-9A1E7A4F7556}") = "4-Loops", "4-Loops\4-Loops.csproj", "{E52631EE-0EE0-4EDE-BFB9-54D6CA156BC6}"
EndProject
Project("{9A19103F-16F7-4668-BE54-9A1E7A4F7556}") = "5-Arrays", "5-Arrays\5-Arrays.csproj", "{65A5B829-8AFB-4056-BBCC-EACF8CB19D13}"
EndProject
Project("{9A19103F-16F7-4668-BE54-9A1E7A4F7556}") = "6-MultidimensionalArrays", "6-MultidimensionalArrays\6-MultidimensionalArrays.csproj", "{11053DD3-B988-4955-B459-0EC0899FF7FC}"
EndProject
Project("{9A19103F-16F7-4668-BE54-9A1E7A4F7556}") = "8-Methods", "8-Methods\8-Methods.csproj", "{C5F2CA6F-BBBA-4D0E-971B-E8958C055B23}"
EndProject
Project("{9A19103F-16F7-4668-BE54-9A1E7A4F7556}") = "9-Recursion", "9-Recursion\9-Recursion.csproj", "{6E7F4B57-7CB3-4AD0-BAC0-107BBC29CF00}"
EndProject
Project("{9A19103F-16F7-4668-BE54-9A1E7A4F7556}") = "Enums", "10-Algoritm\Enums.csproj", "{1BBA9638-74C0-41DB-A6BB-CD836AD4D1A2}"
EndProject
Project("{9A19103F-16F7-4668-BE54-9A1E7A4F7556}") = "Classes", "Classes\Classes.csproj", "{BE1A4530-D824-4AD6-A4A1-6FDCC4C0EA96}"
EndProject
Project("{9A19103F-16F7-4668-BE54-9A1E7A4F7556}") = "Struct", "Struct\Struct.csproj", "{07762BA4-7FBB-4792-BB7C-7EF6225109B2}"
EndProject
Project("{9A19103F-16F7-4668-BE54-9A1E7A4F7556}") = "ConstructorProperties", "ConstructorProperties\ConstructorProperties.csproj", "{59B8A74B-010E-4341-B563-712953F2CF1B}"
EndProject
Global
	GlobalSection(SolutionConfigurationPlatforms) = preSolution
		Debug|Any CPU = Debug|Any CPU
		Release|Any CPU = Release|Any CPU
	EndGlobalSection
	GlobalSection(ProjectConfigurationPlatforms) = postSolution
		{BA27D3C3-E1C4-4E57-AE0E-AA4BA1DD536A}.Debug|Any CPU.ActiveCfg = Debug|Any CPU
		{BA27D3C3-E1C4-4E57-AE0E-AA4BA1DD536A}.Debug|Any CPU.Build.0 = Debug|Any CPU
		{BA27D3C3-E1C4-4E57-AE0E-AA4BA1DD536A}.Release|Any CPU.ActiveCfg = Release|Any CPU
		{BA27D3C3-E1C4-4E57-AE0E-AA4BA1DD536A}.Release|Any CPU.Build.0 = Release|Any CPU
		{AE37331E-DB65-49A1-954E-6B9BE1200447}.Debug|Any CPU.ActiveCfg = Debug|Any CPU
		{AE37331E-DB65-49A1-954E-6B9BE1200447}.Debug|Any CPU.Build.0 = Debug|Any CPU
		{AE37331E-DB65-49A1-954E-6B9BE1200447}.Release|Any CPU.ActiveCfg = Release|Any CPU
		{AE37331E-DB65-49A1-954E-6B9BE1200447}.Release|Any CPU.Build.0 = Release|Any CPU
		{E52631EE-0EE0-4EDE-BFB9-54D6CA156BC6}.Debug|Any CPU.ActiveCfg = Debug|Any CPU
		{E52631EE-0EE0-4EDE-BFB9-54D6CA156BC6}.Debug|Any CPU.Build.0 = Debug|Any CPU
		{E52631EE-0EE0-4EDE-BFB9-54D6CA156BC6}.Release|Any CPU.ActiveCfg = Release|Any CPU
		{E52631EE-0EE0-4EDE-BFB9-54D6CA156BC6}.Release|Any CPU.Build.0 = Release|Any CPU
		{65A5B829-8AFB-4056-BBCC-EACF8CB19D13}.Debug|Any CPU.ActiveCfg = Debug|Any CPU
		{65A5B829-8AFB-4056-BBCC-EACF8CB19D13}.Debug|Any CPU.Build.0 = Debug|Any CPU
		{65A5B829-8AFB-4056-BBCC-EACF8CB19D13}.Release|Any CPU.ActiveCfg = Release|Any CPU
		{65A5B829-8AFB-4056-BBCC-EACF8CB19D13}.Release|Any CPU.Build.0 = Release|Any CPU
		{11053DD3-B988-4955-B459-0EC0899FF7FC}.Debug|Any CPU.ActiveCfg = Debug|Any CPU
		{11053DD3-B988-4955-B459-0EC0899FF7FC}.Debug|Any CPU.Build.0 = Debug|Any CPU
		{11053DD3-B988-4955-B459-0EC0899FF7FC}.Release|Any CPU.ActiveCfg = Release|Any CPU
		{11053DD3-B988-4955-B459-0EC0899FF7FC}.Release|Any CPU.Build.0 = Release|Any CPU
		{C5F2CA6F-BBBA-4D0E-971B-E8958C055B23}.Debug|Any CPU.ActiveCfg = Debug|Any CPU
		{C5F2CA6F-BBBA-4D0E-971B-E8958C055B23}.Debug|Any CPU.Build.0 = Debug|Any CPU
		{C5F2CA6F-BBBA-4D0E-971B-E8958C055B23}.Release|Any CPU.ActiveCfg = Release|Any CPU
		{C5F2CA6F-BBBA-4D0E-971B-E8958C055B23}.Release|Any CPU.Build.0 = Release|Any CPU
		{6E7F4B57-7CB3-4AD0-BAC0-107BBC29CF00}.Debug|Any CPU.ActiveCfg = Debug|Any CPU
		{6E7F4B57-7CB3-4AD0-BAC0-107BBC29CF00}.Debug|Any CPU.Build.0 = Debug|Any CPU
		{6E7F4B57-7CB3-4AD0-BAC0-107BBC29CF00}.Release|Any CPU.ActiveCfg = Release|Any CPU
		{6E7F4B57-7CB3-4AD0-BAC0-107BBC29CF00}.Release|Any CPU.Build.0 = Release|Any CPU
		{1BBA9638-74C0-41DB-A6BB-CD836AD4D1A2}.Debug|Any CPU.ActiveCfg = Debug|Any CPU
		{1BBA9638-74C0-41DB-A6BB-CD836AD4D1A2}.Debug|Any CPU.Build.0 = Debug|Any CPU
		{1BBA9638-74C0-41DB-A6BB-CD836AD4D1A2}.Release|Any CPU.ActiveCfg = Release|Any CPU
		{1BBA9638-74C0-41DB-A6BB-CD836AD4D1A2}.Release|Any CPU.Build.0 = Release|Any CPU
		{BE1A4530-D824-4AD6-A4A1-6FDCC4C0EA96}.Debug|Any CPU.ActiveCfg = Debug|Any CPU
		{BE1A4530-D824-4AD6-A4A1-6FDCC4C0EA96}.Debug|Any CPU.Build.0 = Debug|Any CPU
		{BE1A4530-D824-4AD6-A4A1-6FDCC4C0EA96}.Release|Any CPU.ActiveCfg = Release|Any CPU
		{BE1A4530-D824-4AD6-A4A1-6FDCC4C0EA96}.Release|Any CPU.Build.0 = Release|Any CPU
		{07762BA4-7FBB-4792-BB7C-7EF6225109B2}.Debug|Any CPU.ActiveCfg = Debug|Any CPU
		{07762BA4-7FBB-4792-BB7C-7EF6225109B2}.Debug|Any CPU.Build.0 = Debug|Any CPU
		{07762BA4-7FBB-4792-BB7C-7EF6225109B2}.Release|Any CPU.ActiveCfg = Release|Any CPU
		{07762BA4-7FBB-4792-BB7C-7EF6225109B2}.Release|Any CPU.Build.0 = Release|Any CPU
		{59B8A74B-010E-4341-B563-712953F2CF1B}.Debug|Any CPU.ActiveCfg = Debug|Any CPU
		{59B8A74B-010E-4341-B563-712953F2CF1B}.Debug|Any CPU.Build.0 = Debug|Any CPU
		{59B8A74B-010E-4341-B563-712953F2CF1B}.Release|Any CPU.ActiveCfg = Release|Any CPU
		{59B8A74B-010E-4341-B563-712953F2CF1B}.Release|Any CPU.Build.0 = Release|Any CPU
	EndGlobalSection
	GlobalSection(SolutionProperties) = preSolution
		HideSolutionNode = FALSE
	EndGlobalSection
	GlobalSection(ExtensibilityGlobals) = postSolution
		SolutionGuid = {28D1AB07-6688-4B79-9FEB-CDA83FD86AC9}
	EndGlobalSection
EndGlobal
